
Microsoft Visual Studio Solution File, Format Version 12.00
# Visual Studio 2013
VisualStudioVersion = 12.0.31101.0
MinimumVisualStudioVersion = 10.0.40219.1
Project("{FAE04EC0-301F-11D3-BF4B-00C04F79EFBC}") = "Nakladna", "Nakladna\Nakladna.csproj", "{F076C51E-60C7-4CE9-BB68-D9CF172FE7CF}"
EndProject
Project("{FAE04EC0-301F-11D3-BF4B-00C04F79EFBC}") = "Nakladna.Core", "Nakladna.Core\Nakladna.Core.csproj", "{FE45BE50-A0E0-4AEE-A525-001D986AC4FC}"
EndProject
Project("{FAE04EC0-301F-11D3-BF4B-00C04F79EFBC}") = "Nakladna.DAL", "Nakladna.DAL\Nakladna.DAL.csproj", "{14E1C772-11C2-4651-A5DE-AAF8F9D482E6}"
EndProject
Project("{FAE04EC0-301F-11D3-BF4B-00C04F79EFBC}") = "Nakladna.Generator", "Nakladna.Generator\Nakladna.Generator.csproj", "{45C1E8CF-D001-4408-B1A8-357AF7A2A786}"
EndProject
Project("{FAE04EC0-301F-11D3-BF4B-00C04F79EFBC}") = "Nakladna.CommonData", "Nakladna.CommonData\Nakladna.CommonData.csproj", "{B486A6D9-3784-4E38-BEEC-13536D2B0E07}"
EndProject
Project("{FAE04EC0-301F-11D3-BF4B-00C04F79EFBC}") = "Nakladna.ExcelImporter", "Nakladna.ExcelImporter\Nakladna.ExcelImporter.csproj", "{08AC48A5-665A-4C41-8B99-40EC52C61943}"
EndProject
Project("{6141683F-8A12-4E36-9623-2EB02B2C2303}") = "InvoicesInstaller", "InvoicesInstaller\InvoicesInstaller.isproj", "{EF8BE564-AE86-41C2-B3F4-0F154B1C2E8B}"
	ProjectSection(ProjectDependencies) = postProject
		{F076C51E-60C7-4CE9-BB68-D9CF172FE7CF} = {F076C51E-60C7-4CE9-BB68-D9CF172FE7CF}
		{FE45BE50-A0E0-4AEE-A525-001D986AC4FC} = {FE45BE50-A0E0-4AEE-A525-001D986AC4FC}
		{14E1C772-11C2-4651-A5DE-AAF8F9D482E6} = {14E1C772-11C2-4651-A5DE-AAF8F9D482E6}
		{08AC48A5-665A-4C41-8B99-40EC52C61943} = {08AC48A5-665A-4C41-8B99-40EC52C61943}
		{45C1E8CF-D001-4408-B1A8-357AF7A2A786} = {45C1E8CF-D001-4408-B1A8-357AF7A2A786}
		{B486A6D9-3784-4E38-BEEC-13536D2B0E07} = {B486A6D9-3784-4E38-BEEC-13536D2B0E07}
	EndProjectSection
EndProject
Global
	GlobalSection(SolutionConfigurationPlatforms) = preSolution
		CD_ROM|Any CPU = CD_ROM|Any CPU
		Debug|Any CPU = Debug|Any CPU
		DVD-5|Any CPU = DVD-5|Any CPU
		Release|Any CPU = Release|Any CPU
		SingleImage|Any CPU = SingleImage|Any CPU
	EndGlobalSection
	GlobalSection(ProjectConfigurationPlatforms) = postSolution
		{F076C51E-60C7-4CE9-BB68-D9CF172FE7CF}.CD_ROM|Any CPU.ActiveCfg = Release|Any CPU
		{F076C51E-60C7-4CE9-BB68-D9CF172FE7CF}.CD_ROM|Any CPU.Build.0 = Release|Any CPU
		{F076C51E-60C7-4CE9-BB68-D9CF172FE7CF}.Debug|Any CPU.ActiveCfg = Debug|Any CPU
		{F076C51E-60C7-4CE9-BB68-D9CF172FE7CF}.Debug|Any CPU.Build.0 = Debug|Any CPU
		{F076C51E-60C7-4CE9-BB68-D9CF172FE7CF}.DVD-5|Any CPU.ActiveCfg = Debug|Any CPU
		{F076C51E-60C7-4CE9-BB68-D9CF172FE7CF}.DVD-5|Any CPU.Build.0 = Debug|Any CPU
		{F076C51E-60C7-4CE9-BB68-D9CF172FE7CF}.Release|Any CPU.ActiveCfg = Release|Any CPU
		{F076C51E-60C7-4CE9-BB68-D9CF172FE7CF}.Release|Any CPU.Build.0 = Release|Any CPU
		{F076C51E-60C7-4CE9-BB68-D9CF172FE7CF}.SingleImage|Any CPU.ActiveCfg = Release|Any CPU
		{F076C51E-60C7-4CE9-BB68-D9CF172FE7CF}.SingleImage|Any CPU.Build.0 = Release|Any CPU
		{FE45BE50-A0E0-4AEE-A525-001D986AC4FC}.CD_ROM|Any CPU.ActiveCfg = Release|Any CPU
		{FE45BE50-A0E0-4AEE-A525-001D986AC4FC}.CD_ROM|Any CPU.Build.0 = Release|Any CPU
		{FE45BE50-A0E0-4AEE-A525-001D986AC4FC}.Debug|Any CPU.ActiveCfg = Debug|Any CPU
		{FE45BE50-A0E0-4AEE-A525-001D986AC4FC}.Debug|Any CPU.Build.0 = Debug|Any CPU
		{FE45BE50-A0E0-4AEE-A525-001D986AC4FC}.DVD-5|Any CPU.ActiveCfg = Debug|Any CPU
		{FE45BE50-A0E0-4AEE-A525-001D986AC4FC}.DVD-5|Any CPU.Build.0 = Debug|Any CPU
		{FE45BE50-A0E0-4AEE-A525-001D986AC4FC}.Release|Any CPU.ActiveCfg = Release|Any CPU
		{FE45BE50-A0E0-4AEE-A525-001D986AC4FC}.Release|Any CPU.Build.0 = Release|Any CPU
		{FE45BE50-A0E0-4AEE-A525-001D986AC4FC}.SingleImage|Any CPU.ActiveCfg = Release|Any CPU
		{FE45BE50-A0E0-4AEE-A525-001D986AC4FC}.SingleImage|Any CPU.Build.0 = Release|Any CPU
		{14E1C772-11C2-4651-A5DE-AAF8F9D482E6}.CD_ROM|Any CPU.ActiveCfg = Release|Any CPU
		{14E1C772-11C2-4651-A5DE-AAF8F9D482E6}.CD_ROM|Any CPU.Build.0 = Release|Any CPU
		{14E1C772-11C2-4651-A5DE-AAF8F9D482E6}.Debug|Any CPU.ActiveCfg = Debug|Any CPU
		{14E1C772-11C2-4651-A5DE-AAF8F9D482E6}.Debug|Any CPU.Build.0 = Debug|Any CPU
		{14E1C772-11C2-4651-A5DE-AAF8F9D482E6}.DVD-5|Any CPU.ActiveCfg = Debug|Any CPU
		{14E1C772-11C2-4651-A5DE-AAF8F9D482E6}.DVD-5|Any CPU.Build.0 = Debug|Any CPU
		{14E1C772-11C2-4651-A5DE-AAF8F9D482E6}.Release|Any CPU.ActiveCfg = Release|Any CPU
		{14E1C772-11C2-4651-A5DE-AAF8F9D482E6}.Release|Any CPU.Build.0 = Release|Any CPU
		{14E1C772-11C2-4651-A5DE-AAF8F9D482E6}.SingleImage|Any CPU.ActiveCfg = Release|Any CPU
		{14E1C772-11C2-4651-A5DE-AAF8F9D482E6}.SingleImage|Any CPU.Build.0 = Release|Any CPU
		{45C1E8CF-D001-4408-B1A8-357AF7A2A786}.CD_ROM|Any CPU.ActiveCfg = Release|Any CPU
		{45C1E8CF-D001-4408-B1A8-357AF7A2A786}.CD_ROM|Any CPU.Build.0 = Release|Any CPU
		{45C1E8CF-D001-4408-B1A8-357AF7A2A786}.Debug|Any CPU.ActiveCfg = Debug|Any CPU
		{45C1E8CF-D001-4408-B1A8-357AF7A2A786}.Debug|Any CPU.Build.0 = Debug|Any CPU
		{45C1E8CF-D001-4408-B1A8-357AF7A2A786}.DVD-5|Any CPU.ActiveCfg = Debug|Any CPU
		{45C1E8CF-D001-4408-B1A8-357AF7A2A786}.DVD-5|Any CPU.Build.0 = Debug|Any CPU
		{45C1E8CF-D001-4408-B1A8-357AF7A2A786}.Release|Any CPU.ActiveCfg = Release|Any CPU
		{45C1E8CF-D001-4408-B1A8-357AF7A2A786}.Release|Any CPU.Build.0 = Release|Any CPU
		{45C1E8CF-D001-4408-B1A8-357AF7A2A786}.SingleImage|Any CPU.ActiveCfg = Release|Any CPU
		{45C1E8CF-D001-4408-B1A8-357AF7A2A786}.SingleImage|Any CPU.Build.0 = Release|Any CPU
		{B486A6D9-3784-4E38-BEEC-13536D2B0E07}.CD_ROM|Any CPU.ActiveCfg = Release|Any CPU
		{B486A6D9-3784-4E38-BEEC-13536D2B0E07}.CD_ROM|Any CPU.Build.0 = Release|Any CPU
		{B486A6D9-3784-4E38-BEEC-13536D2B0E07}.Debug|Any CPU.ActiveCfg = Debug|Any CPU
		{B486A6D9-3784-4E38-BEEC-13536D2B0E07}.Debug|Any CPU.Build.0 = Debug|Any CPU
		{B486A6D9-3784-4E38-BEEC-13536D2B0E07}.DVD-5|Any CPU.ActiveCfg = Debug|Any CPU
		{B486A6D9-3784-4E38-BEEC-13536D2B0E07}.DVD-5|Any CPU.Build.0 = Debug|Any CPU
		{B486A6D9-3784-4E38-BEEC-13536D2B0E07}.Release|Any CPU.ActiveCfg = Release|Any CPU
		{B486A6D9-3784-4E38-BEEC-13536D2B0E07}.Release|Any CPU.Build.0 = Release|Any CPU
		{B486A6D9-3784-4E38-BEEC-13536D2B0E07}.SingleImage|Any CPU.ActiveCfg = Release|Any CPU
		{B486A6D9-3784-4E38-BEEC-13536D2B0E07}.SingleImage|Any CPU.Build.0 = Release|Any CPU
		{08AC48A5-665A-4C41-8B99-40EC52C61943}.CD_ROM|Any CPU.ActiveCfg = Release|Any CPU
		{08AC48A5-665A-4C41-8B99-40EC52C61943}.CD_ROM|Any CPU.Build.0 = Release|Any CPU
		{08AC48A5-665A-4C41-8B99-40EC52C61943}.Debug|Any CPU.ActiveCfg = Debug|Any CPU
		{08AC48A5-665A-4C41-8B99-40EC52C61943}.Debug|Any CPU.Build.0 = Debug|Any CPU
		{08AC48A5-665A-4C41-8B99-40EC52C61943}.DVD-5|Any CPU.ActiveCfg = Debug|Any CPU
		{08AC48A5-665A-4C41-8B99-40EC52C61943}.DVD-5|Any CPU.Build.0 = Debug|Any CPU
		{08AC48A5-665A-4C41-8B99-40EC52C61943}.Release|Any CPU.ActiveCfg = Release|Any CPU
		{08AC48A5-665A-4C41-8B99-40EC52C61943}.Release|Any CPU.Build.0 = Release|Any CPU
		{08AC48A5-665A-4C41-8B99-40EC52C61943}.SingleImage|Any CPU.ActiveCfg = Release|Any CPU
		{08AC48A5-665A-4C41-8B99-40EC52C61943}.SingleImage|Any CPU.Build.0 = Release|Any CPU
		{EF8BE564-AE86-41C2-B3F4-0F154B1C2E8B}.CD_ROM|Any CPU.ActiveCfg = CD_ROM
		{EF8BE564-AE86-41C2-B3F4-0F154B1C2E8B}.CD_ROM|Any CPU.Build.0 = CD_ROM
		{EF8BE564-AE86-41C2-B3F4-0F154B1C2E8B}.Debug|Any CPU.ActiveCfg = DVD-5
		{EF8BE564-AE86-41C2-B3F4-0F154B1C2E8B}.DVD-5|Any CPU.ActiveCfg = DVD-5
		{EF8BE564-AE86-41C2-B3F4-0F154B1C2E8B}.DVD-5|Any CPU.Build.0 = DVD-5
		{EF8BE564-AE86-41C2-B3F4-0F154B1C2E8B}.Release|Any CPU.ActiveCfg = SingleImage
		{EF8BE564-AE86-41C2-B3F4-0F154B1C2E8B}.SingleImage|Any CPU.ActiveCfg = SingleImage
		{EF8BE564-AE86-41C2-B3F4-0F154B1C2E8B}.SingleImage|Any CPU.Build.0 = SingleImage
	EndGlobalSection
	GlobalSection(SolutionProperties) = preSolution
		HideSolutionNode = FALSE
	EndGlobalSection
EndGlobal
